
Microsoft Visual Studio Solution File, Format Version 12.00
# Visual Studio 15
VisualStudioVersion = 15.0.26124.0
MinimumVisualStudioVersion = 15.0.26124.0
Project("{FAE04EC0-301F-11D3-BF4B-00C04F79EFBC}") = "server", "server\server.csproj", "{47DFE2D9-20A5-48E4-AAF3-5CED8AE433DA}"
EndProject
Project("{FAE04EC0-301F-11D3-BF4B-00C04F79EFBC}") = "client", "client\client.csproj", "{20451B4F-BA12-4CDE-9DE9-0D5103F88177}"
EndProject
Project("{FAE04EC0-301F-11D3-BF4B-00C04F79EFBC}") = "shell_helper", "shell_helper\shell_helper.csproj", "{5EF2C5A4-54D9-46FC-9FB7-43BF4675E573}"
EndProject
Global
	GlobalSection(SolutionConfigurationPlatforms) = preSolution
		Debug|Any CPU = Debug|Any CPU
		Debug|x64 = Debug|x64
		Debug|x86 = Debug|x86
		Release|Any CPU = Release|Any CPU
		Release|x64 = Release|x64
		Release|x86 = Release|x86
	EndGlobalSection
	GlobalSection(SolutionProperties) = preSolution
		HideSolutionNode = FALSE
	EndGlobalSection
	GlobalSection(ProjectConfigurationPlatforms) = postSolution
		{47DFE2D9-20A5-48E4-AAF3-5CED8AE433DA}.Debug|Any CPU.ActiveCfg = Debug|Any CPU
		{47DFE2D9-20A5-48E4-AAF3-5CED8AE433DA}.Debug|Any CPU.Build.0 = Debug|Any CPU
		{47DFE2D9-20A5-48E4-AAF3-5CED8AE433DA}.Debug|x64.ActiveCfg = Debug|Any CPU
		{47DFE2D9-20A5-48E4-AAF3-5CED8AE433DA}.Debug|x64.Build.0 = Debug|Any CPU
		{47DFE2D9-20A5-48E4-AAF3-5CED8AE433DA}.Debug|x86.ActiveCfg = Debug|Any CPU
		{47DFE2D9-20A5-48E4-AAF3-5CED8AE433DA}.Debug|x86.Build.0 = Debug|Any CPU
		{47DFE2D9-20A5-48E4-AAF3-5CED8AE433DA}.Release|Any CPU.ActiveCfg = Release|Any CPU
		{47DFE2D9-20A5-48E4-AAF3-5CED8AE433DA}.Release|Any CPU.Build.0 = Release|Any CPU
		{47DFE2D9-20A5-48E4-AAF3-5CED8AE433DA}.Release|x64.ActiveCfg = Release|Any CPU
		{47DFE2D9-20A5-48E4-AAF3-5CED8AE433DA}.Release|x64.Build.0 = Release|Any CPU
		{47DFE2D9-20A5-48E4-AAF3-5CED8AE433DA}.Release|x86.ActiveCfg = Release|Any CPU
		{47DFE2D9-20A5-48E4-AAF3-5CED8AE433DA}.Release|x86.Build.0 = Release|Any CPU
		{20451B4F-BA12-4CDE-9DE9-0D5103F88177}.Debug|Any CPU.ActiveCfg = Debug|Any CPU
		{20451B4F-BA12-4CDE-9DE9-0D5103F88177}.Debug|Any CPU.Build.0 = Debug|Any CPU
		{20451B4F-BA12-4CDE-9DE9-0D5103F88177}.Debug|x64.ActiveCfg = Debug|Any CPU
		{20451B4F-BA12-4CDE-9DE9-0D5103F88177}.Debug|x64.Build.0 = Debug|Any CPU
		{20451B4F-BA12-4CDE-9DE9-0D5103F88177}.Debug|x86.ActiveCfg = Debug|Any CPU
		{20451B4F-BA12-4CDE-9DE9-0D5103F88177}.Debug|x86.Build.0 = Debug|Any CPU
		{20451B4F-BA12-4CDE-9DE9-0D5103F88177}.Release|Any CPU.ActiveCfg = Release|Any CPU
		{20451B4F-BA12-4CDE-9DE9-0D5103F88177}.Release|Any CPU.Build.0 = Release|Any CPU
		{20451B4F-BA12-4CDE-9DE9-0D5103F88177}.Release|x64.ActiveCfg = Release|Any CPU
		{20451B4F-BA12-4CDE-9DE9-0D5103F88177}.Release|x64.Build.0 = Release|Any CPU
		{20451B4F-BA12-4CDE-9DE9-0D5103F88177}.Release|x86.ActiveCfg = Release|Any CPU
		{20451B4F-BA12-4CDE-9DE9-0D5103F88177}.Release|x86.Build.0 = Release|Any CPU
		{5EF2C5A4-54D9-46FC-9FB7-43BF4675E573}.Debug|Any CPU.ActiveCfg = Debug|Any CPU
		{5EF2C5A4-54D9-46FC-9FB7-43BF4675E573}.Debug|Any CPU.Build.0 = Debug|Any CPU
		{5EF2C5A4-54D9-46FC-9FB7-43BF4675E573}.Debug|x64.ActiveCfg = Debug|Any CPU
		{5EF2C5A4-54D9-46FC-9FB7-43BF4675E573}.Debug|x64.Build.0 = Debug|Any CPU
		{5EF2C5A4-54D9-46FC-9FB7-43BF4675E573}.Debug|x86.ActiveCfg = Debug|Any CPU
		{5EF2C5A4-54D9-46FC-9FB7-43BF4675E573}.Debug|x86.Build.0 = Debug|Any CPU
		{5EF2C5A4-54D9-46FC-9FB7-43BF4675E573}.Release|Any CPU.ActiveCfg = Release|Any CPU
		{5EF2C5A4-54D9-46FC-9FB7-43BF4675E573}.Release|Any CPU.Build.0 = Release|Any CPU
		{5EF2C5A4-54D9-46FC-9FB7-43BF4675E573}.Release|x64.ActiveCfg = Release|Any CPU
		{5EF2C5A4-54D9-46FC-9FB7-43BF4675E573}.Release|x64.Build.0 = Release|Any CPU
		{5EF2C5A4-54D9-46FC-9FB7-43BF4675E573}.Release|x86.ActiveCfg = Release|Any CPU
		{5EF2C5A4-54D9-46FC-9FB7-43BF4675E573}.Release|x86.Build.0 = Release|Any CPU
	EndGlobalSection
EndGlobal
