
Microsoft Visual Studio Solution File, Format Version 12.00
# Visual Studio 15
VisualStudioVersion = 15.0.26124.0
MinimumVisualStudioVersion = 15.0.26124.0
Project("{2150E333-8FDC-42A3-9474-1A3956D46DE8}") = "src", "src", "{7895F839-618B-440C-8ED1-96787AD5BBEB}"
EndProject
Project("{FAE04EC0-301F-11D3-BF4B-00C04F79EFBC}") = "client", "src\client\client.csproj", "{FDE14F1C-70FA-4FD3-9C48-29B0EE03E504}"
EndProject
Project("{FAE04EC0-301F-11D3-BF4B-00C04F79EFBC}") = "core", "src\core\core.csproj", "{F0DFB837-9A71-49DB-9F7E-39F5EF9DCF8F}"
EndProject
Project("{FAE04EC0-301F-11D3-BF4B-00C04F79EFBC}") = "server", "src\server\server.csproj", "{0792D22B-3B32-4351-9CF4-4F2F5ABF6F9F}"
EndProject
Project("{2150E333-8FDC-42A3-9474-1A3956D46DE8}") = "tests", "tests", "{0383B843-494F-4F2A-95BD-0F2230C0DC25}"
EndProject
Project("{FAE04EC0-301F-11D3-BF4B-00C04F79EFBC}") = "TestApplication", "tests\TestApplication\TestApplication.csproj", "{085CCB1E-B9C7-43A9-B64C-DDBC91B62FA2}"
EndProject
Project("{FAE04EC0-301F-11D3-BF4B-00C04F79EFBC}") = "Core.Test.Unit", "tests\Core.Test.Unit\Core.Test.Unit.csproj", "{CA032C04-5A91-480D-9BD7-98196E2FF7B1}"
EndProject
Global
	GlobalSection(SolutionConfigurationPlatforms) = preSolution
		Debug|Any CPU = Debug|Any CPU
		Debug|x64 = Debug|x64
		Debug|x86 = Debug|x86
		Release|Any CPU = Release|Any CPU
		Release|x64 = Release|x64
		Release|x86 = Release|x86
	EndGlobalSection
	GlobalSection(SolutionProperties) = preSolution
		HideSolutionNode = FALSE
	EndGlobalSection
	GlobalSection(ProjectConfigurationPlatforms) = postSolution
		{FDE14F1C-70FA-4FD3-9C48-29B0EE03E504}.Debug|Any CPU.ActiveCfg = Debug|Any CPU
		{FDE14F1C-70FA-4FD3-9C48-29B0EE03E504}.Debug|Any CPU.Build.0 = Debug|Any CPU
		{FDE14F1C-70FA-4FD3-9C48-29B0EE03E504}.Debug|x64.ActiveCfg = Debug|Any CPU
		{FDE14F1C-70FA-4FD3-9C48-29B0EE03E504}.Debug|x64.Build.0 = Debug|Any CPU
		{FDE14F1C-70FA-4FD3-9C48-29B0EE03E504}.Debug|x86.ActiveCfg = Debug|Any CPU
		{FDE14F1C-70FA-4FD3-9C48-29B0EE03E504}.Debug|x86.Build.0 = Debug|Any CPU
		{FDE14F1C-70FA-4FD3-9C48-29B0EE03E504}.Release|Any CPU.ActiveCfg = Release|Any CPU
		{FDE14F1C-70FA-4FD3-9C48-29B0EE03E504}.Release|Any CPU.Build.0 = Release|Any CPU
		{FDE14F1C-70FA-4FD3-9C48-29B0EE03E504}.Release|x64.ActiveCfg = Release|Any CPU
		{FDE14F1C-70FA-4FD3-9C48-29B0EE03E504}.Release|x64.Build.0 = Release|Any CPU
		{FDE14F1C-70FA-4FD3-9C48-29B0EE03E504}.Release|x86.ActiveCfg = Release|Any CPU
		{FDE14F1C-70FA-4FD3-9C48-29B0EE03E504}.Release|x86.Build.0 = Release|Any CPU
		{F0DFB837-9A71-49DB-9F7E-39F5EF9DCF8F}.Debug|Any CPU.ActiveCfg = Debug|Any CPU
		{F0DFB837-9A71-49DB-9F7E-39F5EF9DCF8F}.Debug|Any CPU.Build.0 = Debug|Any CPU
		{F0DFB837-9A71-49DB-9F7E-39F5EF9DCF8F}.Debug|x64.ActiveCfg = Debug|Any CPU
		{F0DFB837-9A71-49DB-9F7E-39F5EF9DCF8F}.Debug|x64.Build.0 = Debug|Any CPU
		{F0DFB837-9A71-49DB-9F7E-39F5EF9DCF8F}.Debug|x86.ActiveCfg = Debug|Any CPU
		{F0DFB837-9A71-49DB-9F7E-39F5EF9DCF8F}.Debug|x86.Build.0 = Debug|Any CPU
		{F0DFB837-9A71-49DB-9F7E-39F5EF9DCF8F}.Release|Any CPU.ActiveCfg = Release|Any CPU
		{F0DFB837-9A71-49DB-9F7E-39F5EF9DCF8F}.Release|Any CPU.Build.0 = Release|Any CPU
		{F0DFB837-9A71-49DB-9F7E-39F5EF9DCF8F}.Release|x64.ActiveCfg = Release|Any CPU
		{F0DFB837-9A71-49DB-9F7E-39F5EF9DCF8F}.Release|x64.Build.0 = Release|Any CPU
		{F0DFB837-9A71-49DB-9F7E-39F5EF9DCF8F}.Release|x86.ActiveCfg = Release|Any CPU
		{F0DFB837-9A71-49DB-9F7E-39F5EF9DCF8F}.Release|x86.Build.0 = Release|Any CPU
		{0792D22B-3B32-4351-9CF4-4F2F5ABF6F9F}.Debug|Any CPU.ActiveCfg = Debug|Any CPU
		{0792D22B-3B32-4351-9CF4-4F2F5ABF6F9F}.Debug|Any CPU.Build.0 = Debug|Any CPU
		{0792D22B-3B32-4351-9CF4-4F2F5ABF6F9F}.Debug|x64.ActiveCfg = Debug|Any CPU
		{0792D22B-3B32-4351-9CF4-4F2F5ABF6F9F}.Debug|x64.Build.0 = Debug|Any CPU
		{0792D22B-3B32-4351-9CF4-4F2F5ABF6F9F}.Debug|x86.ActiveCfg = Debug|Any CPU
		{0792D22B-3B32-4351-9CF4-4F2F5ABF6F9F}.Debug|x86.Build.0 = Debug|Any CPU
		{0792D22B-3B32-4351-9CF4-4F2F5ABF6F9F}.Release|Any CPU.ActiveCfg = Release|Any CPU
		{0792D22B-3B32-4351-9CF4-4F2F5ABF6F9F}.Release|Any CPU.Build.0 = Release|Any CPU
		{0792D22B-3B32-4351-9CF4-4F2F5ABF6F9F}.Release|x64.ActiveCfg = Release|Any CPU
		{0792D22B-3B32-4351-9CF4-4F2F5ABF6F9F}.Release|x64.Build.0 = Release|Any CPU
		{0792D22B-3B32-4351-9CF4-4F2F5ABF6F9F}.Release|x86.ActiveCfg = Release|Any CPU
		{0792D22B-3B32-4351-9CF4-4F2F5ABF6F9F}.Release|x86.Build.0 = Release|Any CPU
		{085CCB1E-B9C7-43A9-B64C-DDBC91B62FA2}.Debug|Any CPU.ActiveCfg = Debug|Any CPU
		{085CCB1E-B9C7-43A9-B64C-DDBC91B62FA2}.Debug|Any CPU.Build.0 = Debug|Any CPU
		{085CCB1E-B9C7-43A9-B64C-DDBC91B62FA2}.Debug|x64.ActiveCfg = Debug|Any CPU
		{085CCB1E-B9C7-43A9-B64C-DDBC91B62FA2}.Debug|x64.Build.0 = Debug|Any CPU
		{085CCB1E-B9C7-43A9-B64C-DDBC91B62FA2}.Debug|x86.ActiveCfg = Debug|Any CPU
		{085CCB1E-B9C7-43A9-B64C-DDBC91B62FA2}.Debug|x86.Build.0 = Debug|Any CPU
		{085CCB1E-B9C7-43A9-B64C-DDBC91B62FA2}.Release|Any CPU.ActiveCfg = Release|Any CPU
		{085CCB1E-B9C7-43A9-B64C-DDBC91B62FA2}.Release|Any CPU.Build.0 = Release|Any CPU
		{085CCB1E-B9C7-43A9-B64C-DDBC91B62FA2}.Release|x64.ActiveCfg = Release|Any CPU
		{085CCB1E-B9C7-43A9-B64C-DDBC91B62FA2}.Release|x64.Build.0 = Release|Any CPU
		{085CCB1E-B9C7-43A9-B64C-DDBC91B62FA2}.Release|x86.ActiveCfg = Release|Any CPU
		{085CCB1E-B9C7-43A9-B64C-DDBC91B62FA2}.Release|x86.Build.0 = Release|Any CPU
		{CA032C04-5A91-480D-9BD7-98196E2FF7B1}.Debug|Any CPU.ActiveCfg = Debug|Any CPU
		{CA032C04-5A91-480D-9BD7-98196E2FF7B1}.Debug|Any CPU.Build.0 = Debug|Any CPU
		{CA032C04-5A91-480D-9BD7-98196E2FF7B1}.Debug|x64.ActiveCfg = Debug|Any CPU
		{CA032C04-5A91-480D-9BD7-98196E2FF7B1}.Debug|x64.Build.0 = Debug|Any CPU
		{CA032C04-5A91-480D-9BD7-98196E2FF7B1}.Debug|x86.ActiveCfg = Debug|Any CPU
		{CA032C04-5A91-480D-9BD7-98196E2FF7B1}.Debug|x86.Build.0 = Debug|Any CPU
		{CA032C04-5A91-480D-9BD7-98196E2FF7B1}.Release|Any CPU.ActiveCfg = Release|Any CPU
		{CA032C04-5A91-480D-9BD7-98196E2FF7B1}.Release|Any CPU.Build.0 = Release|Any CPU
		{CA032C04-5A91-480D-9BD7-98196E2FF7B1}.Release|x64.ActiveCfg = Release|Any CPU
		{CA032C04-5A91-480D-9BD7-98196E2FF7B1}.Release|x64.Build.0 = Release|Any CPU
		{CA032C04-5A91-480D-9BD7-98196E2FF7B1}.Release|x86.ActiveCfg = Release|Any CPU
		{CA032C04-5A91-480D-9BD7-98196E2FF7B1}.Release|x86.Build.0 = Release|Any CPU
	EndGlobalSection
	GlobalSection(NestedProjects) = preSolution
		{FDE14F1C-70FA-4FD3-9C48-29B0EE03E504} = {7895F839-618B-440C-8ED1-96787AD5BBEB}
		{F0DFB837-9A71-49DB-9F7E-39F5EF9DCF8F} = {7895F839-618B-440C-8ED1-96787AD5BBEB}
		{0792D22B-3B32-4351-9CF4-4F2F5ABF6F9F} = {7895F839-618B-440C-8ED1-96787AD5BBEB}
		{085CCB1E-B9C7-43A9-B64C-DDBC91B62FA2} = {0383B843-494F-4F2A-95BD-0F2230C0DC25}
		{CA032C04-5A91-480D-9BD7-98196E2FF7B1} = {0383B843-494F-4F2A-95BD-0F2230C0DC25}
	EndGlobalSection
EndGlobal
